
Microsoft Visual Studio Solution File, Format Version 12.00
# Visual Studio Version 17
VisualStudioVersion = 17.1.32210.238
MinimumVisualStudioVersion = 15.0.26124.0
Project("{2150E333-8FDC-42A3-9474-1A3956D46DE8}") = "DIKUArcade", "DIKUArcade", "{14D28CBA-806A-40A9-90F2-0D9D5A764576}"
EndProject
Project("{9A19103F-16F7-4668-BE54-9A1E7A4F7556}") = "DIKUArcade", "DIKUArcade\DIKUArcade\DIKUArcade.csproj", "{19AD68B8-B1AB-408E-A22A-01C436AF9A9E}"
EndProject
Project("{2150E333-8FDC-42A3-9474-1A3956D46DE8}") = "Galaga", "Galaga", "{F33DF2F2-DA71-45EB-90D9-9254AF3B95E6}"
EndProject
Project("{2150E333-8FDC-42A3-9474-1A3956D46DE8}") = "Breakout", "Breakout", "{B6E3ADCF-1A3F-4AC3-9B76-4125CE85A9E6}"
EndProject
Project("{9A19103F-16F7-4668-BE54-9A1E7A4F7556}") = "Breakout", "Breakout\Breakout\Breakout.csproj", "{419AECB7-49FF-4A50-B6A2-51E50D5B8144}"
EndProject
Project("{9A19103F-16F7-4668-BE54-9A1E7A4F7556}") = "BreakoutTests", "Breakout\BreakoutTests\BreakoutTests.csproj", "{C27F1CBF-4834-4562-B5F9-EADD5D0D9497}"
EndProject
Project("{9A19103F-16F7-4668-BE54-9A1E7A4F7556}") = "Galaga", "Galaga\Galaga\Galaga.csproj", "{498E0623-A208-43CF-842F-6402E5338412}"
EndProject
Project("{9A19103F-16F7-4668-BE54-9A1E7A4F7556}") = "GalagaTests", "Galaga\GalagaTests\GalagaTests.csproj", "{F7420146-DB2A-4B1B-BA51-4027E8B398F6}"
EndProject
Global
	GlobalSection(SolutionConfigurationPlatforms) = preSolution
		Debug|Any CPU = Debug|Any CPU
		Debug|x64 = Debug|x64
		Debug|x86 = Debug|x86
		Release|Any CPU = Release|Any CPU
		Release|x64 = Release|x64
		Release|x86 = Release|x86
	EndGlobalSection
	GlobalSection(ProjectConfigurationPlatforms) = postSolution
		{19AD68B8-B1AB-408E-A22A-01C436AF9A9E}.Debug|Any CPU.ActiveCfg = Debug|Any CPU
		{19AD68B8-B1AB-408E-A22A-01C436AF9A9E}.Debug|Any CPU.Build.0 = Debug|Any CPU
		{19AD68B8-B1AB-408E-A22A-01C436AF9A9E}.Debug|x64.ActiveCfg = Debug|Any CPU
		{19AD68B8-B1AB-408E-A22A-01C436AF9A9E}.Debug|x64.Build.0 = Debug|Any CPU
		{19AD68B8-B1AB-408E-A22A-01C436AF9A9E}.Debug|x86.ActiveCfg = Debug|Any CPU
		{19AD68B8-B1AB-408E-A22A-01C436AF9A9E}.Debug|x86.Build.0 = Debug|Any CPU
		{19AD68B8-B1AB-408E-A22A-01C436AF9A9E}.Release|Any CPU.ActiveCfg = Release|Any CPU
		{19AD68B8-B1AB-408E-A22A-01C436AF9A9E}.Release|Any CPU.Build.0 = Release|Any CPU
		{19AD68B8-B1AB-408E-A22A-01C436AF9A9E}.Release|x64.ActiveCfg = Release|Any CPU
		{19AD68B8-B1AB-408E-A22A-01C436AF9A9E}.Release|x64.Build.0 = Release|Any CPU
		{19AD68B8-B1AB-408E-A22A-01C436AF9A9E}.Release|x86.ActiveCfg = Release|Any CPU
		{19AD68B8-B1AB-408E-A22A-01C436AF9A9E}.Release|x86.Build.0 = Release|Any CPU
		{419AECB7-49FF-4A50-B6A2-51E50D5B8144}.Debug|Any CPU.ActiveCfg = Debug|Any CPU
		{419AECB7-49FF-4A50-B6A2-51E50D5B8144}.Debug|Any CPU.Build.0 = Debug|Any CPU
		{419AECB7-49FF-4A50-B6A2-51E50D5B8144}.Debug|x64.ActiveCfg = Debug|Any CPU
		{419AECB7-49FF-4A50-B6A2-51E50D5B8144}.Debug|x64.Build.0 = Debug|Any CPU
		{419AECB7-49FF-4A50-B6A2-51E50D5B8144}.Debug|x86.ActiveCfg = Debug|Any CPU
		{419AECB7-49FF-4A50-B6A2-51E50D5B8144}.Debug|x86.Build.0 = Debug|Any CPU
		{419AECB7-49FF-4A50-B6A2-51E50D5B8144}.Release|Any CPU.ActiveCfg = Release|Any CPU
		{419AECB7-49FF-4A50-B6A2-51E50D5B8144}.Release|Any CPU.Build.0 = Release|Any CPU
		{419AECB7-49FF-4A50-B6A2-51E50D5B8144}.Release|x64.ActiveCfg = Release|Any CPU
		{419AECB7-49FF-4A50-B6A2-51E50D5B8144}.Release|x64.Build.0 = Release|Any CPU
		{419AECB7-49FF-4A50-B6A2-51E50D5B8144}.Release|x86.ActiveCfg = Release|Any CPU
		{419AECB7-49FF-4A50-B6A2-51E50D5B8144}.Release|x86.Build.0 = Release|Any CPU
		{C27F1CBF-4834-4562-B5F9-EADD5D0D9497}.Debug|Any CPU.ActiveCfg = Debug|Any CPU
		{C27F1CBF-4834-4562-B5F9-EADD5D0D9497}.Debug|Any CPU.Build.0 = Debug|Any CPU
		{C27F1CBF-4834-4562-B5F9-EADD5D0D9497}.Debug|x64.ActiveCfg = Debug|Any CPU
		{C27F1CBF-4834-4562-B5F9-EADD5D0D9497}.Debug|x64.Build.0 = Debug|Any CPU
		{C27F1CBF-4834-4562-B5F9-EADD5D0D9497}.Debug|x86.ActiveCfg = Debug|Any CPU
		{C27F1CBF-4834-4562-B5F9-EADD5D0D9497}.Debug|x86.Build.0 = Debug|Any CPU
		{C27F1CBF-4834-4562-B5F9-EADD5D0D9497}.Release|Any CPU.ActiveCfg = Release|Any CPU
		{C27F1CBF-4834-4562-B5F9-EADD5D0D9497}.Release|Any CPU.Build.0 = Release|Any CPU
		{C27F1CBF-4834-4562-B5F9-EADD5D0D9497}.Release|x64.ActiveCfg = Release|Any CPU
		{C27F1CBF-4834-4562-B5F9-EADD5D0D9497}.Release|x64.Build.0 = Release|Any CPU
		{C27F1CBF-4834-4562-B5F9-EADD5D0D9497}.Release|x86.ActiveCfg = Release|Any CPU
		{C27F1CBF-4834-4562-B5F9-EADD5D0D9497}.Release|x86.Build.0 = Release|Any CPU
		{498E0623-A208-43CF-842F-6402E5338412}.Debug|Any CPU.ActiveCfg = Debug|Any CPU
		{498E0623-A208-43CF-842F-6402E5338412}.Debug|Any CPU.Build.0 = Debug|Any CPU
		{498E0623-A208-43CF-842F-6402E5338412}.Debug|x64.ActiveCfg = Debug|Any CPU
		{498E0623-A208-43CF-842F-6402E5338412}.Debug|x64.Build.0 = Debug|Any CPU
		{498E0623-A208-43CF-842F-6402E5338412}.Debug|x86.ActiveCfg = Debug|Any CPU
		{498E0623-A208-43CF-842F-6402E5338412}.Debug|x86.Build.0 = Debug|Any CPU
		{498E0623-A208-43CF-842F-6402E5338412}.Release|Any CPU.ActiveCfg = Release|Any CPU
		{498E0623-A208-43CF-842F-6402E5338412}.Release|Any CPU.Build.0 = Release|Any CPU
		{498E0623-A208-43CF-842F-6402E5338412}.Release|x64.ActiveCfg = Release|Any CPU
		{498E0623-A208-43CF-842F-6402E5338412}.Release|x64.Build.0 = Release|Any CPU
		{498E0623-A208-43CF-842F-6402E5338412}.Release|x86.ActiveCfg = Release|Any CPU
		{498E0623-A208-43CF-842F-6402E5338412}.Release|x86.Build.0 = Release|Any CPU
		{F7420146-DB2A-4B1B-BA51-4027E8B398F6}.Debug|Any CPU.ActiveCfg = Debug|Any CPU
		{F7420146-DB2A-4B1B-BA51-4027E8B398F6}.Debug|Any CPU.Build.0 = Debug|Any CPU
		{F7420146-DB2A-4B1B-BA51-4027E8B398F6}.Debug|x64.ActiveCfg = Debug|Any CPU
		{F7420146-DB2A-4B1B-BA51-4027E8B398F6}.Debug|x64.Build.0 = Debug|Any CPU
		{F7420146-DB2A-4B1B-BA51-4027E8B398F6}.Debug|x86.ActiveCfg = Debug|Any CPU
		{F7420146-DB2A-4B1B-BA51-4027E8B398F6}.Debug|x86.Build.0 = Debug|Any CPU
		{F7420146-DB2A-4B1B-BA51-4027E8B398F6}.Release|Any CPU.ActiveCfg = Release|Any CPU
		{F7420146-DB2A-4B1B-BA51-4027E8B398F6}.Release|Any CPU.Build.0 = Release|Any CPU
		{F7420146-DB2A-4B1B-BA51-4027E8B398F6}.Release|x64.ActiveCfg = Release|Any CPU
		{F7420146-DB2A-4B1B-BA51-4027E8B398F6}.Release|x64.Build.0 = Release|Any CPU
		{F7420146-DB2A-4B1B-BA51-4027E8B398F6}.Release|x86.ActiveCfg = Release|Any CPU
		{F7420146-DB2A-4B1B-BA51-4027E8B398F6}.Release|x86.Build.0 = Release|Any CPU
	EndGlobalSection
	GlobalSection(SolutionProperties) = preSolution
		HideSolutionNode = FALSE
	EndGlobalSection
	GlobalSection(NestedProjects) = preSolution
		{14D28CBA-806A-40A9-90F2-0D9D5A764576} = {B6E3ADCF-1A3F-4AC3-9B76-4125CE85A9E6}
		{19AD68B8-B1AB-408E-A22A-01C436AF9A9E} = {14D28CBA-806A-40A9-90F2-0D9D5A764576}
		{419AECB7-49FF-4A50-B6A2-51E50D5B8144} = {B6E3ADCF-1A3F-4AC3-9B76-4125CE85A9E6}
		{C27F1CBF-4834-4562-B5F9-EADD5D0D9497} = {B6E3ADCF-1A3F-4AC3-9B76-4125CE85A9E6}
		{498E0623-A208-43CF-842F-6402E5338412} = {F33DF2F2-DA71-45EB-90D9-9254AF3B95E6}
		{F7420146-DB2A-4B1B-BA51-4027E8B398F6} = {F33DF2F2-DA71-45EB-90D9-9254AF3B95E6}
	EndGlobalSection
	GlobalSection(ExtensibilityGlobals) = postSolution
		SolutionGuid = {5B1D7D66-DB10-4123-BB5B-5630185780C1}
	EndGlobalSection
EndGlobal
